lockfileVersion: 5.4

specifiers:
  '@types/mocha': ^10.0.1

devDependencies:
  '@types/mocha': registry.npmmirror.com/@types/mocha/10.0.1

packages:

  registry.npmmirror.com/@types/mocha/10.0.1:
    resolution: {integrity: sha512-/fvYntiO1GeICvqbQ3doGDIP97vWmvFt83GKguJ6prmQM2iXZfFcq6YE8KteFyRtX2/h5Hf91BYvPodJKFYv5Q==, registry: https://registry.npm.taobao.org/, tarball: https://registry.npmmirror.com/@types/mocha/-/mocha-10.0.1.tgz}
    name: '@types/mocha'
    version: 10.0.1
    dev: true
